
Microsoft Visual Studio Solution File, Format Version 12.00
# Visual Studio Version 16
VisualStudioVersion = 16.0.29519.161
MinimumVisualStudioVersion = 10.0.40219.1
Project("{FAE04EC0-301F-11D3-BF4B-00C04F79EFBC}") = "Prototype", "Prototype\Prototype.csproj", "{BFD7D1E0-10D2-4158-87A3-0E5A58B98278}"
EndProject
Global
	GlobalSection(SolutionConfigurationPlatforms) = preSolution
		Debug|Any CPU = Debug|Any CPU
		Release|Any CPU = Release|Any CPU
	EndGlobalSection
	GlobalSection(ProjectConfigurationPlatforms) = postSolution
		{BFD7D1E0-10D2-4158-87A3-0E5A58B98278}.Debug|Any CPU.ActiveCfg = Debug|Any CPU
		{BFD7D1E0-10D2-4158-87A3-0E5A58B98278}.Debug|Any CPU.Build.0 = Debug|Any CPU
		{BFD7D1E0-10D2-4158-87A3-0E5A58B98278}.Release|Any CPU.ActiveCfg = Release|Any CPU
		{BFD7D1E0-10D2-4158-87A3-0E5A58B98278}.Release|Any CPU.Build.0 = Release|Any CPU
	EndGlobalSection
	GlobalSection(SolutionProperties) = preSolution
		HideSolutionNode = FALSE
	EndGlobalSection
	GlobalSection(ExtensibilityGlobals) = postSolution
		SolutionGuid = {E549AE14-BCDF-4A1E-BDAE-B8239DFAC66E}
	EndGlobalSection
EndGlobal
